
Microsoft Visual Studio Solution File, Format Version 12.00
# Visual Studio 15
VisualStudioVersion = 15.0.28307.645
MinimumVisualStudioVersion = 10.0.40219.1
Project("{FAE04EC0-301F-11D3-BF4B-00C04F79EFBC}") = "DBWork", "DBWork\DBWork.csproj", "{CD372BDA-5D04-446F-8498-41AB28EA3ECD}"
EndProject
Global
	GlobalSection(SolutionConfigurationPlatforms) = preSolution
		Debug|Any CPU = Debug|Any CPU
		Release|Any CPU = Release|Any CPU
	EndGlobalSection
	GlobalSection(ProjectConfigurationPlatforms) = postSolution
		{CD372BDA-5D04-446F-8498-41AB28EA3ECD}.Debug|Any CPU.ActiveCfg = Debug|Any CPU
		{CD372BDA-5D04-446F-8498-41AB28EA3ECD}.Debug|Any CPU.Build.0 = Debug|Any CPU
		{CD372BDA-5D04-446F-8498-41AB28EA3ECD}.Release|Any CPU.ActiveCfg = Release|Any CPU
		{CD372BDA-5D04-446F-8498-41AB28EA3ECD}.Release|Any CPU.Build.0 = Release|Any CPU
	EndGlobalSection
	GlobalSection(SolutionProperties) = preSolution
		HideSolutionNode = FALSE
	EndGlobalSection
	GlobalSection(ExtensibilityGlobals) = postSolution
		SolutionGuid = {0CF99932-05A1-458D-B251-97DA3F574992}
	EndGlobalSection
EndGlobal
